
Microsoft Visual Studio Solution File, Format Version 12.00
# Visual Studio 15
VisualStudioVersion = 15.0.28307.757
MinimumVisualStudioVersion = 10.0.40219.1
Project("{FAE04EC0-301F-11D3-BF4B-00C04F79EFBC}") = "App35.Android", "App35\App35.Android\App35.Android.csproj", "{5D300DFC-D912-4EF7-AB6F-63209DE22899}"
EndProject
Project("{FAE04EC0-301F-11D3-BF4B-00C04F79EFBC}") = "App35.iOS", "App35\App35.iOS\App35.iOS.csproj", "{992FC433-7299-4924-8C5F-5DA009B6C961}"
EndProject
Project("{FAE04EC0-301F-11D3-BF4B-00C04F79EFBC}") = "App35", "App35\App35\App35.csproj", "{29A92EBA-6DBD-40E0-A815-3187B2C6E5B9}"
EndProject
Global
	GlobalSection(SolutionConfigurationPlatforms) = preSolution
		Ad-Hoc|Any CPU = Ad-Hoc|Any CPU
		Ad-Hoc|iPhone = Ad-Hoc|iPhone
		Ad-Hoc|iPhoneSimulator = Ad-Hoc|iPhoneSimulator
		AppStore|Any CPU = AppStore|Any CPU
		AppStore|iPhone = AppStore|iPhone
		AppStore|iPhoneSimulator = AppStore|iPhoneSimulator
		Debug|Any CPU = Debug|Any CPU
		Debug|iPhone = Debug|iPhone
		Debug|iPhoneSimulator = Debug|iPhoneSimulator
		Release|Any CPU = Release|Any CPU
		Release|iPhone = Release|iPhone
		Release|iPhoneSimulator = Release|iPhoneSimulator
	EndGlobalSection
	GlobalSection(ProjectConfigurationPlatforms) = postSolution
		{5D300DFC-D912-4EF7-AB6F-63209DE22899}.Ad-Hoc|Any CPU.ActiveCfg = Release|Any CPU
		{5D300DFC-D912-4EF7-AB6F-63209DE22899}.Ad-Hoc|Any CPU.Build.0 = Release|Any CPU
		{5D300DFC-D912-4EF7-AB6F-63209DE22899}.Ad-Hoc|Any CPU.Deploy.0 = Release|Any CPU
		{5D300DFC-D912-4EF7-AB6F-63209DE22899}.Ad-Hoc|iPhone.ActiveCfg = Release|Any CPU
		{5D300DFC-D912-4EF7-AB6F-63209DE22899}.Ad-Hoc|iPhone.Build.0 = Release|Any CPU
		{5D300DFC-D912-4EF7-AB6F-63209DE22899}.Ad-Hoc|iPhone.Deploy.0 = Release|Any CPU
		{5D300DFC-D912-4EF7-AB6F-63209DE22899}.Ad-Hoc|iPhoneSimulator.ActiveCfg = Release|Any CPU
		{5D300DFC-D912-4EF7-AB6F-63209DE22899}.Ad-Hoc|iPhoneSimulator.Build.0 = Release|Any CPU
		{5D300DFC-D912-4EF7-AB6F-63209DE22899}.Ad-Hoc|iPhoneSimulator.Deploy.0 = Release|Any CPU
		{5D300DFC-D912-4EF7-AB6F-63209DE22899}.AppStore|Any CPU.ActiveCfg = Release|Any CPU
		{5D300DFC-D912-4EF7-AB6F-63209DE22899}.AppStore|Any CPU.Build.0 = Release|Any CPU
		{5D300DFC-D912-4EF7-AB6F-63209DE22899}.AppStore|Any CPU.Deploy.0 = Release|Any CPU
		{5D300DFC-D912-4EF7-AB6F-63209DE22899}.AppStore|iPhone.ActiveCfg = Release|Any CPU
		{5D300DFC-D912-4EF7-AB6F-63209DE22899}.AppStore|iPhone.Build.0 = Release|Any CPU
		{5D300DFC-D912-4EF7-AB6F-63209DE22899}.AppStore|iPhone.Deploy.0 = Release|Any CPU
		{5D300DFC-D912-4EF7-AB6F-63209DE22899}.AppStore|iPhoneSimulator.ActiveCfg = Release|Any CPU
		{5D300DFC-D912-4EF7-AB6F-63209DE22899}.AppStore|iPhoneSimulator.Build.0 = Release|Any CPU
		{5D300DFC-D912-4EF7-AB6F-63209DE22899}.AppStore|iPhoneSimulator.Deploy.0 = Release|Any CPU
		{5D300DFC-D912-4EF7-AB6F-63209DE22899}.Debug|Any CPU.ActiveCfg = Debug|Any CPU
		{5D300DFC-D912-4EF7-AB6F-63209DE22899}.Debug|Any CPU.Build.0 = Debug|Any CPU
		{5D300DFC-D912-4EF7-AB6F-63209DE22899}.Debug|Any CPU.Deploy.0 = Debug|Any CPU
		{5D300DFC-D912-4EF7-AB6F-63209DE22899}.Debug|iPhone.ActiveCfg = Debug|Any CPU
		{5D300DFC-D912-4EF7-AB6F-63209DE22899}.Debug|iPhone.Build.0 = Debug|Any CPU
		{5D300DFC-D912-4EF7-AB6F-63209DE22899}.Debug|iPhone.Deploy.0 = Debug|Any CPU
		{5D300DFC-D912-4EF7-AB6F-63209DE22899}.Debug|iPhoneSimulator.ActiveCfg = Debug|Any CPU
		{5D300DFC-D912-4EF7-AB6F-63209DE22899}.Debug|iPhoneSimulator.Build.0 = Debug|Any CPU
		{5D300DFC-D912-4EF7-AB6F-63209DE22899}.Debug|iPhoneSimulator.Deploy.0 = Debug|Any CPU
		{5D300DFC-D912-4EF7-AB6F-63209DE22899}.Release|Any CPU.ActiveCfg = Release|Any CPU
		{5D300DFC-D912-4EF7-AB6F-63209DE22899}.Release|Any CPU.Build.0 = Release|Any CPU
		{5D300DFC-D912-4EF7-AB6F-63209DE22899}.Release|Any CPU.Deploy.0 = Release|Any CPU
		{5D300DFC-D912-4EF7-AB6F-63209DE22899}.Release|iPhone.ActiveCfg = Release|Any CPU
		{5D300DFC-D912-4EF7-AB6F-63209DE22899}.Release|iPhone.Build.0 = Release|Any CPU
		{5D300DFC-D912-4EF7-AB6F-63209DE22899}.Release|iPhone.Deploy.0 = Release|Any CPU
		{5D300DFC-D912-4EF7-AB6F-63209DE22899}.Release|iPhoneSimulator.ActiveCfg = Release|Any CPU
		{5D300DFC-D912-4EF7-AB6F-63209DE22899}.Release|iPhoneSimulator.Build.0 = Release|Any CPU
		{5D300DFC-D912-4EF7-AB6F-63209DE22899}.Release|iPhoneSimulator.Deploy.0 = Release|Any CPU
		{992FC433-7299-4924-8C5F-5DA009B6C961}.Ad-Hoc|Any CPU.ActiveCfg = Ad-Hoc|iPhone
		{992FC433-7299-4924-8C5F-5DA009B6C961}.Ad-Hoc|Any CPU.Build.0 = Ad-Hoc|iPhone
		{992FC433-7299-4924-8C5F-5DA009B6C961}.Ad-Hoc|Any CPU.Deploy.0 = Ad-Hoc|iPhone
		{992FC433-7299-4924-8C5F-5DA009B6C961}.Ad-Hoc|iPhone.ActiveCfg = Ad-Hoc|iPhone
		{992FC433-7299-4924-8C5F-5DA009B6C961}.Ad-Hoc|iPhone.Build.0 = Ad-Hoc|iPhone
		{992FC433-7299-4924-8C5F-5DA009B6C961}.Ad-Hoc|iPhone.Deploy.0 = Ad-Hoc|iPhone
		{992FC433-7299-4924-8C5F-5DA009B6C961}.Ad-Hoc|iPhoneSimulator.ActiveCfg = Ad-Hoc|iPhoneSimulator
		{992FC433-7299-4924-8C5F-5DA009B6C961}.Ad-Hoc|iPhoneSimulator.Build.0 = Ad-Hoc|iPhoneSimulator
		{992FC433-7299-4924-8C5F-5DA009B6C961}.Ad-Hoc|iPhoneSimulator.Deploy.0 = Ad-Hoc|iPhoneSimulator
		{992FC433-7299-4924-8C5F-5DA009B6C961}.AppStore|Any CPU.ActiveCfg = AppStore|iPhone
		{992FC433-7299-4924-8C5F-5DA009B6C961}.AppStore|Any CPU.Build.0 = AppStore|iPhone
		{992FC433-7299-4924-8C5F-5DA009B6C961}.AppStore|Any CPU.Deploy.0 = AppStore|iPhone
		{992FC433-7299-4924-8C5F-5DA009B6C961}.AppStore|iPhone.ActiveCfg = AppStore|iPhone
		{992FC433-7299-4924-8C5F-5DA009B6C961}.AppStore|iPhone.Build.0 = AppStore|iPhone
		{992FC433-7299-4924-8C5F-5DA009B6C961}.AppStore|iPhone.Deploy.0 = AppStore|iPhone
		{992FC433-7299-4924-8C5F-5DA009B6C961}.AppStore|iPhoneSimulator.ActiveCfg = AppStore|iPhoneSimulator
		{992FC433-7299-4924-8C5F-5DA009B6C961}.AppStore|iPhoneSimulator.Build.0 = AppStore|iPhoneSimulator
		{992FC433-7299-4924-8C5F-5DA009B6C961}.AppStore|iPhoneSimulator.Deploy.0 = AppStore|iPhoneSimulator
		{992FC433-7299-4924-8C5F-5DA009B6C961}.Debug|Any CPU.ActiveCfg = Debug|iPhoneSimulator
		{992FC433-7299-4924-8C5F-5DA009B6C961}.Debug|Any CPU.Build.0 = Debug|iPhoneSimulator
		{992FC433-7299-4924-8C5F-5DA009B6C961}.Debug|Any CPU.Deploy.0 = Debug|iPhoneSimulator
		{992FC433-7299-4924-8C5F-5DA009B6C961}.Debug|iPhone.ActiveCfg = Debug|iPhone
		{992FC433-7299-4924-8C5F-5DA009B6C961}.Debug|iPhone.Build.0 = Debug|iPhone
		{992FC433-7299-4924-8C5F-5DA009B6C961}.Debug|iPhone.Deploy.0 = Debug|iPhone
		{992FC433-7299-4924-8C5F-5DA009B6C961}.Debug|iPhoneSimulator.ActiveCfg = Debug|iPhoneSimulator
		{992FC433-7299-4924-8C5F-5DA009B6C961}.Debug|iPhoneSimulator.Build.0 = Debug|iPhoneSimulator
		{992FC433-7299-4924-8C5F-5DA009B6C961}.Debug|iPhoneSimulator.Deploy.0 = Debug|iPhoneSimulator
		{992FC433-7299-4924-8C5F-5DA009B6C961}.Release|Any CPU.ActiveCfg = Release|iPhone
		{992FC433-7299-4924-8C5F-5DA009B6C961}.Release|Any CPU.Build.0 = Release|iPhone
		{992FC433-7299-4924-8C5F-5DA009B6C961}.Release|Any CPU.Deploy.0 = Release|iPhone
		{992FC433-7299-4924-8C5F-5DA009B6C961}.Release|iPhone.ActiveCfg = Release|iPhone
		{992FC433-7299-4924-8C5F-5DA009B6C961}.Release|iPhone.Build.0 = Release|iPhone
		{992FC433-7299-4924-8C5F-5DA009B6C961}.Release|iPhone.Deploy.0 = Release|iPhone
		{992FC433-7299-4924-8C5F-5DA009B6C961}.Release|iPhoneSimulator.ActiveCfg = Release|iPhoneSimulator
		{992FC433-7299-4924-8C5F-5DA009B6C961}.Release|iPhoneSimulator.Build.0 = Release|iPhoneSimulator
		{992FC433-7299-4924-8C5F-5DA009B6C961}.Release|iPhoneSimulator.Deploy.0 = Release|iPhoneSimulator
		{29A92EBA-6DBD-40E0-A815-3187B2C6E5B9}.Ad-Hoc|Any CPU.ActiveCfg = Debug|Any CPU
		{29A92EBA-6DBD-40E0-A815-3187B2C6E5B9}.Ad-Hoc|Any CPU.Build.0 = Debug|Any CPU
		{29A92EBA-6DBD-40E0-A815-3187B2C6E5B9}.Ad-Hoc|Any CPU.Deploy.0 = Debug|Any CPU
		{29A92EBA-6DBD-40E0-A815-3187B2C6E5B9}.Ad-Hoc|iPhone.ActiveCfg = Debug|Any CPU
		{29A92EBA-6DBD-40E0-A815-3187B2C6E5B9}.Ad-Hoc|iPhone.Build.0 = Debug|Any CPU
		{29A92EBA-6DBD-40E0-A815-3187B2C6E5B9}.Ad-Hoc|iPhone.Deploy.0 = Debug|Any CPU
		{29A92EBA-6DBD-40E0-A815-3187B2C6E5B9}.Ad-Hoc|iPhoneSimulator.ActiveCfg = Debug|Any CPU
		{29A92EBA-6DBD-40E0-A815-3187B2C6E5B9}.Ad-Hoc|iPhoneSimulator.Build.0 = Debug|Any CPU
		{29A92EBA-6DBD-40E0-A815-3187B2C6E5B9}.Ad-Hoc|iPhoneSimulator.Deploy.0 = Debug|Any CPU
		{29A92EBA-6DBD-40E0-A815-3187B2C6E5B9}.AppStore|Any CPU.ActiveCfg = Debug|Any CPU
		{29A92EBA-6DBD-40E0-A815-3187B2C6E5B9}.AppStore|Any CPU.Build.0 = Debug|Any CPU
		{29A92EBA-6DBD-40E0-A815-3187B2C6E5B9}.AppStore|Any CPU.Deploy.0 = Debug|Any CPU
		{29A92EBA-6DBD-40E0-A815-3187B2C6E5B9}.AppStore|iPhone.ActiveCfg = Debug|Any CPU
		{29A92EBA-6DBD-40E0-A815-3187B2C6E5B9}.AppStore|iPhone.Build.0 = Debug|Any CPU
		{29A92EBA-6DBD-40E0-A815-3187B2C6E5B9}.AppStore|iPhone.Deploy.0 = Debug|Any CPU
		{29A92EBA-6DBD-40E0-A815-3187B2C6E5B9}.AppStore|iPhoneSimulator.ActiveCfg = Debug|Any CPU
		{29A92EBA-6DBD-40E0-A815-3187B2C6E5B9}.AppStore|iPhoneSimulator.Build.0 = Debug|Any CPU
		{29A92EBA-6DBD-40E0-A815-3187B2C6E5B9}.AppStore|iPhoneSimulator.Deploy.0 = Debug|Any CPU
		{29A92EBA-6DBD-40E0-A815-3187B2C6E5B9}.Debug|Any CPU.ActiveCfg = Debug|Any CPU
		{29A92EBA-6DBD-40E0-A815-3187B2C6E5B9}.Debug|Any CPU.Build.0 = Debug|Any CPU
		{29A92EBA-6DBD-40E0-A815-3187B2C6E5B9}.Debug|Any CPU.Deploy.0 = Debug|Any CPU
		{29A92EBA-6DBD-40E0-A815-3187B2C6E5B9}.Debug|iPhone.ActiveCfg = Debug|Any CPU
		{29A92EBA-6DBD-40E0-A815-3187B2C6E5B9}.Debug|iPhone.Build.0 = Debug|Any CPU
		{29A92EBA-6DBD-40E0-A815-3187B2C6E5B9}.Debug|iPhone.Deploy.0 = Debug|Any CPU
		{29A92EBA-6DBD-40E0-A815-3187B2C6E5B9}.Debug|iPhoneSimulator.ActiveCfg = Debug|Any CPU
		{29A92EBA-6DBD-40E0-A815-3187B2C6E5B9}.Debug|iPhoneSimulator.Build.0 = Debug|Any CPU
		{29A92EBA-6DBD-40E0-A815-3187B2C6E5B9}.Debug|iPhoneSimulator.Deploy.0 = Debug|Any CPU
		{29A92EBA-6DBD-40E0-A815-3187B2C6E5B9}.Release|Any CPU.ActiveCfg = Release|Any CPU
		{29A92EBA-6DBD-40E0-A815-3187B2C6E5B9}.Release|Any CPU.Build.0 = Release|Any CPU
		{29A92EBA-6DBD-40E0-A815-3187B2C6E5B9}.Release|Any CPU.Deploy.0 = Release|Any CPU
		{29A92EBA-6DBD-40E0-A815-3187B2C6E5B9}.Release|iPhone.ActiveCfg = Release|Any CPU
		{29A92EBA-6DBD-40E0-A815-3187B2C6E5B9}.Release|iPhone.Build.0 = Release|Any CPU
		{29A92EBA-6DBD-40E0-A815-3187B2C6E5B9}.Release|iPhone.Deploy.0 = Release|Any CPU
		{29A92EBA-6DBD-40E0-A815-3187B2C6E5B9}.Release|iPhoneSimulator.ActiveCfg = Release|Any CPU
		{29A92EBA-6DBD-40E0-A815-3187B2C6E5B9}.Release|iPhoneSimulator.Build.0 = Release|Any CPU
		{29A92EBA-6DBD-40E0-A815-3187B2C6E5B9}.Release|iPhoneSimulator.Deploy.0 = Release|Any CPU
	EndGlobalSection
	GlobalSection(SolutionProperties) = preSolution
		HideSolutionNode = FALSE
	EndGlobalSection
	GlobalSection(ExtensibilityGlobals) = postSolution
		SolutionGuid = {D9C9881D-5091-4535-AA91-E7295077E512}
	EndGlobalSection
EndGlobal
